
Microsoft Visual Studio Solution File, Format Version 12.00
# Visual Studio Version 17
VisualStudioVersion = 17.13.35806.99
MinimumVisualStudioVersion = 10.0.40219.1
Project("{2150E333-8FDC-42A3-9474-1A3956D46DE8}") = "Bootstrapper", "Bootstrapper", "{02EA681E-C7D8-13C7-8484-4AC65E1B71E8}"
EndProject
Project("{2150E333-8FDC-42A3-9474-1A3956D46DE8}") = "Modules", "Modules", "{69101143-1234-4B9E-8CF8-9567BDCBAC71}"
EndProject
Project("{2150E333-8FDC-42A3-9474-1A3956D46DE8}") = "Shared", "Shared", "{6639977A-35A6-41C5-9C30-A8CF452D5D3E}"
EndProject
Project("{FAE04EC0-301F-11D3-BF4B-00C04F79EFBC}") = "API", "Bootstrapper\API\API.csproj", "{6081E17C-8D16-41B6-A8E4-5AEB59BF5874}"
EndProject
Project("{2150E333-8FDC-42A3-9474-1A3956D46DE8}") = "Catalog", "Catalog", "{A9F3F0B4-E330-473E-BFDC-86F3EB9CD795}"
EndProject
Project("{2150E333-8FDC-42A3-9474-1A3956D46DE8}") = "Basket", "Basket", "{CE06296F-4E9E-4D6C-8F36-AF0E10C1D511}"
EndProject
Project("{2150E333-8FDC-42A3-9474-1A3956D46DE8}") = "Ordering", "Ordering", "{A0BE1316-AFD5-45CF-9588-694D351FD281}"
EndProject
Project("{FAE04EC0-301F-11D3-BF4B-00C04F79EFBC}") = "Catalog", "Modules\Catalog\Catalog\Catalog.csproj", "{DD8FF2F6-499D-4BB4-89C2-E8B93629FB96}"
EndProject
Project("{FAE04EC0-301F-11D3-BF4B-00C04F79EFBC}") = "Basket", "Modules\Basket\Basket\Basket.csproj", "{22338808-A32E-46FD-84E1-9E044ABD371A}"
EndProject
Project("{FAE04EC0-301F-11D3-BF4B-00C04F79EFBC}") = "Ordering", "Modules\Ordering\Ordering\Ordering.csproj", "{6B414E50-A83C-4F22-93E1-336A05F5C129}"
EndProject
Project("{FAE04EC0-301F-11D3-BF4B-00C04F79EFBC}") = "Shared", "Shared\Shared\Shared.csproj", "{3ED6ADBD-90CD-4ED4-98DA-CAE50FEF7DB7}"
EndProject
Global
	GlobalSection(SolutionConfigurationPlatforms) = preSolution
		Debug|Any CPU = Debug|Any CPU
		Release|Any CPU = Release|Any CPU
	EndGlobalSection
	GlobalSection(ProjectConfigurationPlatforms) = postSolution
		{6081E17C-8D16-41B6-A8E4-5AEB59BF5874}.Debug|Any CPU.ActiveCfg = Debug|Any CPU
		{6081E17C-8D16-41B6-A8E4-5AEB59BF5874}.Debug|Any CPU.Build.0 = Debug|Any CPU
		{6081E17C-8D16-41B6-A8E4-5AEB59BF5874}.Release|Any CPU.ActiveCfg = Release|Any CPU
		{6081E17C-8D16-41B6-A8E4-5AEB59BF5874}.Release|Any CPU.Build.0 = Release|Any CPU
		{DD8FF2F6-499D-4BB4-89C2-E8B93629FB96}.Debug|Any CPU.ActiveCfg = Debug|Any CPU
		{DD8FF2F6-499D-4BB4-89C2-E8B93629FB96}.Debug|Any CPU.Build.0 = Debug|Any CPU
		{DD8FF2F6-499D-4BB4-89C2-E8B93629FB96}.Release|Any CPU.ActiveCfg = Release|Any CPU
		{DD8FF2F6-499D-4BB4-89C2-E8B93629FB96}.Release|Any CPU.Build.0 = Release|Any CPU
		{22338808-A32E-46FD-84E1-9E044ABD371A}.Debug|Any CPU.ActiveCfg = Debug|Any CPU
		{22338808-A32E-46FD-84E1-9E044ABD371A}.Debug|Any CPU.Build.0 = Debug|Any CPU
		{22338808-A32E-46FD-84E1-9E044ABD371A}.Release|Any CPU.ActiveCfg = Release|Any CPU
		{22338808-A32E-46FD-84E1-9E044ABD371A}.Release|Any CPU.Build.0 = Release|Any CPU
		{6B414E50-A83C-4F22-93E1-336A05F5C129}.Debug|Any CPU.ActiveCfg = Debug|Any CPU
		{6B414E50-A83C-4F22-93E1-336A05F5C129}.Debug|Any CPU.Build.0 = Debug|Any CPU
		{6B414E50-A83C-4F22-93E1-336A05F5C129}.Release|Any CPU.ActiveCfg = Release|Any CPU
		{6B414E50-A83C-4F22-93E1-336A05F5C129}.Release|Any CPU.Build.0 = Release|Any CPU
		{3ED6ADBD-90CD-4ED4-98DA-CAE50FEF7DB7}.Debug|Any CPU.ActiveCfg = Debug|Any CPU
		{3ED6ADBD-90CD-4ED4-98DA-CAE50FEF7DB7}.Debug|Any CPU.Build.0 = Debug|Any CPU
		{3ED6ADBD-90CD-4ED4-98DA-CAE50FEF7DB7}.Release|Any CPU.ActiveCfg = Release|Any CPU
		{3ED6ADBD-90CD-4ED4-98DA-CAE50FEF7DB7}.Release|Any CPU.Build.0 = Release|Any CPU
	EndGlobalSection
	GlobalSection(SolutionProperties) = preSolution
		HideSolutionNode = FALSE
	EndGlobalSection
	GlobalSection(NestedProjects) = preSolution
		{6081E17C-8D16-41B6-A8E4-5AEB59BF5874} = {02EA681E-C7D8-13C7-8484-4AC65E1B71E8}
		{A9F3F0B4-E330-473E-BFDC-86F3EB9CD795} = {69101143-1234-4B9E-8CF8-9567BDCBAC71}
		{CE06296F-4E9E-4D6C-8F36-AF0E10C1D511} = {69101143-1234-4B9E-8CF8-9567BDCBAC71}
		{A0BE1316-AFD5-45CF-9588-694D351FD281} = {69101143-1234-4B9E-8CF8-9567BDCBAC71}
		{DD8FF2F6-499D-4BB4-89C2-E8B93629FB96} = {A9F3F0B4-E330-473E-BFDC-86F3EB9CD795}
		{22338808-A32E-46FD-84E1-9E044ABD371A} = {CE06296F-4E9E-4D6C-8F36-AF0E10C1D511}
		{6B414E50-A83C-4F22-93E1-336A05F5C129} = {A0BE1316-AFD5-45CF-9588-694D351FD281}
		{3ED6ADBD-90CD-4ED4-98DA-CAE50FEF7DB7} = {6639977A-35A6-41C5-9C30-A8CF452D5D3E}
	EndGlobalSection
	GlobalSection(ExtensibilityGlobals) = postSolution
		SolutionGuid = {836D94D7-492A-48CA-B5C6-99DC0DE6944D}
	EndGlobalSection
EndGlobal
